// !$*UTF8*$!
{
	archiveVersion = 1;
	classes = {
	};
	objectVersion = 46;
	objects = {

/* Begin PBXBuildFile section */
		030EFAD81CE0DF6200E80764 /* Shader.cpp in Sources */ = {isa = PBXBuildFile; fileRef = 030EFAD71CE0DF6200E80764 /* Shader.cpp */; };
		030EFAEE1CE1478600E80764 /* buffer.cpp in Sources */ = {isa = PBXBuildFile; fileRef = 030EFAEA1CE1478600E80764 /* buffer.cpp */; };
		030EFAEF1CE1478600E80764 /* indexbuffer.cpp in Sources */ = {isa = PBXBuildFile; fileRef = 030EFAEB1CE1478600E80764 /* indexbuffer.cpp */; };
		030EFAF01CE1478600E80764 /* simple2Drenderer.cpp in Sources */ = {isa = PBXBuildFile; fileRef = 030EFAEC1CE1478600E80764 /* simple2Drenderer.cpp */; };
		030EFAF11CE1478600E80764 /* vertexarray.cpp in Sources */ = {isa = PBXBuildFile; fileRef = 030EFAED1CE1478600E80764 /* vertexarray.cpp */; };
		030EFB051CE14E5A00E80764 /* test.frag in Resources */ = {isa = PBXBuildFile; fileRef = 030EFB031CE14E5A00E80764 /* test.frag */; };
		030EFB061CE14E5A00E80764 /* test.vert in Resources */ = {isa = PBXBuildFile; fileRef = 030EFB041CE14E5A00E80764 /* test.vert */; };
		03C860261CDA329A002565C8 /* libglfw3.a in Frameworks */ = {isa = PBXBuildFile; fileRef = 03C860251CDA329A002565C8 /* libglfw3.a */; };
		03C860281CDA32AF002565C8 /* libGLEWd.a in Frameworks */ = {isa = PBXBuildFile; fileRef = 03C860271CDA32AF002565C8 /* libGLEWd.a */; };
		03D3FDC91CD806E500804A9E /* OpenGL.framework in Frameworks */ = {isa = PBXBuildFile; fileRef = 03D3FDC81CD806E500804A9E /* OpenGL.framework */; };
		03D3FDCB1CD806EB00804A9E /* Cocoa.framework in Frameworks */ = {isa = PBXBuildFile; fileRef = 03D3FDCA1CD806EB00804A9E /* Cocoa.framework */; };
		03D3FDD71CD8073E00804A9E /* config.cpp in Sources */ = {isa = PBXBuildFile; fileRef = 03D3FDD21CD8073E00804A9E /* config.cpp */; };
		03D3FDD81CD8073E00804A9E /* Game.cpp in Sources */ = {isa = PBXBuildFile; fileRef = 03D3FDD31CD8073E00804A9E /* Game.cpp */; };
		03D3FDD91CD8073E00804A9E /* main.cpp in Sources */ = {isa = PBXBuildFile; fileRef = 03D3FDD41CD8073E00804A9E /* main.cpp */; };
		03D3FDDA1CD8073E00804A9E /* Monitor.cpp in Sources */ = {isa = PBXBuildFile; fileRef = 03D3FDD51CD8073E00804A9E /* Monitor.cpp */; };
		03D3FDDB1CD8073E00804A9E /* Window.cpp in Sources */ = {isa = PBXBuildFile; fileRef = 03D3FDD61CD8073E00804A9E /* Window.cpp */; };
		03D3FDDF1CD8093500804A9E /* libSOIL.a in Frameworks */ = {isa = PBXBuildFile; fileRef = 03D3FDDD1CD8093500804A9E /* libSOIL.a */; };
		03FD4F0E1CD995CA008100E3 /* Input.cpp in Sources */ = {isa = PBXBuildFile; fileRef = 03FD4F0D1CD995CA008100E3 /* Input.cpp */; };
/* End PBXBuildFile section */

/* Begin PBXCopyFilesBuildPhase section */
		03B28B431CD803B900C5415E /* Copy Files */ = {
			isa = PBXCopyFilesBuildPhase;
			buildActionMask = 12;
			dstPath = /usr/share/man/man1;
			dstSubfolderSpec = 0;
			files = (
			);
			name = "Copy Files";
			runOnlyForDeploymentPostprocessing = 0;
		};
/* End PBXCopyFilesBuildPhase section */

/* Begin PBXFileReference section */
		030EFAD71CE0DF6200E80764 /* Shader.cpp */ = {isa = PBXFileReference; fileEncoding = 4; lastKnownFileType = sourcecode.cpp.cpp; name = Shader.cpp; path = src/Shader.cpp; sourceTree = SOURCE_ROOT; };
		030EFAEA1CE1478600E80764 /* buffer.cpp */ = {isa = PBXFileReference; fileEncoding = 4; lastKnownFileType = sourcecode.cpp.cpp; name = buffer.cpp; path = src/buffer.cpp; sourceTree = SOURCE_ROOT; };
		030EFAEB1CE1478600E80764 /* indexbuffer.cpp */ = {isa = PBXFileReference; fileEncoding = 4; lastKnownFileType = sourcecode.cpp.cpp; name = indexbuffer.cpp; path = src/indexbuffer.cpp; sourceTree = SOURCE_ROOT; };
		030EFAEC1CE1478600E80764 /* simple2Drenderer.cpp */ = {isa = PBXFileReference; fileEncoding = 4; lastKnownFileType = sourcecode.cpp.cpp; name = simple2Drenderer.cpp; path = src/simple2Drenderer.cpp; sourceTree = SOURCE_ROOT; };
		030EFAED1CE1478600E80764 /* vertexarray.cpp */ = {isa = PBXFileReference; fileEncoding = 4; lastKnownFileType = sourcecode.cpp.cpp; name = vertexarray.cpp; path = src/vertexarray.cpp; sourceTree = SOURCE_ROOT; };
		030EFB031CE14E5A00E80764 /* test.frag */ = {isa = PBXFileReference; lastKnownFileType = sourcecode.glsl; name = test.frag; path = bin/Assets/Shaders/test.frag; sourceTree = "<group>"; };
		030EFB041CE14E5A00E80764 /* test.vert */ = {isa = PBXFileReference; lastKnownFileType = sourcecode.glsl; name = test.vert; path = bin/Assets/Shaders/test.vert; sourceTree = "<group>"; };
		03B28B451CD803B900C5415E /* GameEngine */ = {isa = PBXFileReference; explicitFileType = "compiled.mach-o.executable"; includeInIndex = 0; path = GameEngine; sourceTree = BUILT_PRODUCTS_DIR; };
		03B28B571CD8042400C5415E /* include */ = {isa = PBXFileReference; lastKnownFileType = folder; name = include; path = common/include; sourceTree = SOURCE_ROOT; };
		03C860251CDA329A002565C8 /* libglfw3.a */ = {isa = PBXFileReference; lastKnownFileType = archive.ar; name = libglfw3.a; path = "../../../ExternalC++/lib/libglfw3.a"; sourceTree = "<group>"; };
		03C860271CDA32AF002565C8 /* libGLEWd.a */ = {isa = PBXFileReference; lastKnownFileType = archive.ar; name = libGLEWd.a; path = "../../../ExternalC++/lib/libGLEWd.a"; sourceTree = "<group>"; };
		03D3FDC81CD806E500804A9E /* OpenGL.framework */ = {isa = PBXFileReference; lastKnownFileType = wrapper.framework; name = OpenGL.framework; path = System/Library/Frameworks/OpenGL.framework; sourceTree = SDKROOT; };
		03D3FDCA1CD806EB00804A9E /* Cocoa.framework */ = {isa = PBXFileReference; lastKnownFileType = wrapper.framework; name = Cocoa.framework; path = System/Library/Frameworks/Cocoa.framework; sourceTree = SDKROOT; };
		03D3FDD21CD8073E00804A9E /* config.cpp */ = {isa = PBXFileReference; fileEncoding = 4; lastKnownFileType = sourcecode.cpp.cpp; name = config.cpp; path = src/config.cpp; sourceTree = SOURCE_ROOT; };
		03D3FDD31CD8073E00804A9E /* Game.cpp */ = {isa = PBXFileReference; fileEncoding = 4; lastKnownFileType = sourcecode.cpp.cpp; name = Game.cpp; path = src/Game.cpp; sourceTree = SOURCE_ROOT; };
		03D3FDD41CD8073E00804A9E /* main.cpp */ = {isa = PBXFileReference; fileEncoding = 4; lastKnownFileType = sourcecode.cpp.cpp; name = main.cpp; path = src/main.cpp; sourceTree = SOURCE_ROOT; };
		03D3FDD51CD8073E00804A9E /* Monitor.cpp */ = {isa = PBXFileReference; fileEncoding = 4; lastKnownFileType = sourcecode.cpp.cpp; name = Monitor.cpp; path = src/Monitor.cpp; sourceTree = SOURCE_ROOT; };
		03D3FDD61CD8073E00804A9E /* Window.cpp */ = {isa = PBXFileReference; fileEncoding = 4; lastKnownFileType = sourcecode.cpp.cpp; name = Window.cpp; path = src/Window.cpp; sourceTree = SOURCE_ROOT; };
		03D3FDDD1CD8093500804A9E /* libSOIL.a */ = {isa = PBXFileReference; lastKnownFileType = archive.ar; name = libSOIL.a; path = "../../../ExternalC++/lib/libSOIL.a"; sourceTree = "<group>"; };
		03FD4F0D1CD995CA008100E3 /* Input.cpp */ = {isa = PBXFileReference; fileEncoding = 4; lastKnownFileType = sourcecode.cpp.cpp; name = Input.cpp; path = src/Input.cpp; sourceTree = SOURCE_ROOT; };
/* End PBXFileReference section */

/* Begin PBXFrameworksBuildPhase section */
		03B28B421CD803B900C5415E /* Frameworks */ = {
			isa = PBXFrameworksBuildPhase;
			buildActionMask = 2147483647;
			files = (
				03D3FDDF1CD8093500804A9E /* libSOIL.a in Frameworks */,
				03C860281CDA32AF002565C8 /* libGLEWd.a in Frameworks */,
				03D3FDCB1CD806EB00804A9E /* Cocoa.framework in Frameworks */,
				03D3FDC91CD806E500804A9E /* OpenGL.framework in Frameworks */,
				03C860261CDA329A002565C8 /* libglfw3.a in Frameworks */,
			);
			runOnlyForDeploymentPostprocessing = 0;
		};
/* End PBXFrameworksBuildPhase section */

/* Begin PBXGroup section */
		03B28B3C1CD803B900C5415E = {
			isa = PBXGroup;
			children = (
				030EFB031CE14E5A00E80764 /* test.frag */,
				030EFB041CE14E5A00E80764 /* test.vert */,
				03C860271CDA32AF002565C8 /* libGLEWd.a */,
				03C860251CDA329A002565C8 /* libglfw3.a */,
				03D3FDDD1CD8093500804A9E /* libSOIL.a */,
				03D3FDCA1CD806EB00804A9E /* Cocoa.framework */,
				03D3FDC81CD806E500804A9E /* OpenGL.framework */,
				03B28B471CD803B900C5415E /* GameEngine */,
				03B28B461CD803B900C5415E /* Products */,
			);
			sourceTree = "<group>";
		};
		03B28B461CD803B900C5415E /* Products */ = {
			isa = PBXGroup;
			children = (
				03B28B451CD803B900C5415E /* GameEngine */,
			);
			name = Products;
			sourceTree = "<group>";
		};
		03B28B471CD803B900C5415E /* GameEngine */ = {
			isa = PBXGroup;
			children = (
				030EFAEA1CE1478600E80764 /* buffer.cpp */,
				030EFAEB1CE1478600E80764 /* indexbuffer.cpp */,
				030EFAEC1CE1478600E80764 /* simple2Drenderer.cpp */,
				030EFAED1CE1478600E80764 /* vertexarray.cpp */,
				03D3FDD21CD8073E00804A9E /* config.cpp */,
				03D3FDD31CD8073E00804A9E /* Game.cpp */,
				03D3FDD41CD8073E00804A9E /* main.cpp */,
				03D3FDD51CD8073E00804A9E /* Monitor.cpp */,
				03D3FDD61CD8073E00804A9E /* Window.cpp */,
				03B28B571CD8042400C5415E /* include */,
				03FD4F0D1CD995CA008100E3 /* Input.cpp */,
				030EFAD71CE0DF6200E80764 /* Shader.cpp */,
			);
			path = GameEngine;
			sourceTree = "<group>";
		};
/* End PBXGroup section */

/* Begin PBXNativeTarget section */
		03B28B441CD803B900C5415E /* GameEngine */ = {
			isa = PBXNativeTarget;
			buildConfigurationList = 03B28B4C1CD803B900C5415E /* Build configuration list for PBXNativeTarget "GameEngine" */;
			buildPhases = (
				03B28B411CD803B900C5415E /* Sources */,
				03B28B421CD803B900C5415E /* Frameworks */,
				03B28B431CD803B900C5415E /* Copy Files */,
				030EFAFE1CE14DF800E80764 /* Resources */,
			);
			buildRules = (
			);
			dependencies = (
			);
			name = GameEngine;
			productName = GameEngine;
			productReference = 03B28B451CD803B900C5415E /* GameEngine */;
			productType = "com.apple.product-type.tool";
		};
/* End PBXNativeTarget section */

/* Begin PBXProject section */
		03B28B3D1CD803B900C5415E /* Project object */ = {
			isa = PBXProject;
			attributes = {
				LastUpgradeCheck = 0730;
				ORGANIZATIONNAME = "Nico Greco";
				TargetAttributes = {
					03B28B441CD803B900C5415E = {
						CreatedOnToolsVersion = 7.3;
					};
				};
			};
			buildConfigurationList = 03B28B401CD803B900C5415E /* Build configuration list for PBXProject "GameEngine" */;
			compatibilityVersion = "Xcode 3.2";
			developmentRegion = English;
			hasScannedForEncodings = 0;
			knownRegions = (
				en,
			);
			mainGroup = 03B28B3C1CD803B900C5415E;
			productRefGroup = 03B28B461CD803B900C5415E /* Products */;
			projectDirPath = "";
			projectRoot = "";
			targets = (
				03B28B441CD803B900C5415E /* GameEngine */,
			);
		};
/* End PBXProject section */

/* Begin PBXResourcesBuildPhase section */
		030EFAFE1CE14DF800E80764 /* Resources */ = {
			isa = PBXResourcesBuildPhase;
			buildActionMask = 2147483647;
			files = (
				030EFB051CE14E5A00E80764 /* test.frag in Resources */,
				030EFB061CE14E5A00E80764 /* test.vert in Resources */,
			);
			runOnlyForDeploymentPostprocessing = 0;
		};
/* End PBXResourcesBuildPhase section */

/* Begin PBXSourcesBuildPhase section */
		03B28B411CD803B900C5415E /* Sources */ = {
			isa = PBXSourcesBuildPhase;
			buildActionMask = 2147483647;
			files = (
				030EFAF01CE1478600E80764 /* simple2Drenderer.cpp in Sources */,
				03FD4F0E1CD995CA008100E3 /* Input.cpp in Sources */,
				03D3FDDA1CD8073E00804A9E /* Monitor.cpp in Sources */,
				03D3FDDB1CD8073E00804A9E /* Window.cpp in Sources */,
				03D3FDD71CD8073E00804A9E /* config.cpp in Sources */,
				030EFAD81CE0DF6200E80764 /* Shader.cpp in Sources */,
				030EFAEF1CE1478600E80764 /* indexbuffer.cpp in Sources */,
				030EFAF11CE1478600E80764 /* vertexarray.cpp in Sources */,
				030EFAEE1CE1478600E80764 /* buffer.cpp in Sources */,
				03D3FDD81CD8073E00804A9E /* Game.cpp in Sources */,
				03D3FDD91CD8073E00804A9E /* main.cpp in Sources */,
			);
			runOnlyForDeploymentPostprocessing = 0;
		};
/* End PBXSourcesBuildPhase section */

/* Begin XCBuildConfiguration section */
		03B28B4A1CD803B900C5415E /* Debug */ = {
			isa = XCBuildConfiguration;
			buildSettings = {
				ALWAYS_SEARCH_USER_PATHS = NO;
				CLANG_ANALYZER_NONNULL = YES;
				CLANG_CXX_LANGUAGE_STANDARD = "gnu++0x";
				CLANG_CXX_LIBRARY = "libc++";
				CLANG_ENABLE_MODULES = YES;
				CLANG_ENABLE_OBJC_ARC = YES;
				CLANG_WARN_BOOL_CONVERSION = YES;
				CLANG_WARN_CONSTANT_CONVERSION = YES;
				CLANG_WARN_DIRECT_OBJC_ISA_USAGE = YES_ERROR;
				CLANG_WARN_EMPTY_BODY = YES;
				CLANG_WARN_ENUM_CONVERSION = YES;
				CLANG_WARN_INT_CONVERSION = YES;
				CLANG_WARN_OBJC_ROOT_CLASS = YES_ERROR;
				CLANG_WARN_UNREACHABLE_CODE = YES;
				CLANG_WARN__DUPLICATE_METHOD_MATCH = YES;
				CODE_SIGN_IDENTITY = "-";
				COPY_PHASE_STRIP = NO;
				DEBUG_INFORMATION_FORMAT = dwarf;
				ENABLE_STRICT_OBJC_MSGSEND = YES;
				ENABLE_TESTABILITY = YES;
				GCC_C_LANGUAGE_STANDARD = gnu99;
				GCC_DYNAMIC_NO_PIC = NO;
				GCC_NO_COMMON_BLOCKS = YES;
				GCC_OPTIMIZATION_LEVEL = 0;
				GCC_PREPROCESSOR_DEFINITIONS = (
					"DEBUG=1",
					"$(inherited)",
				);
				GCC_WARN_64_TO_32_BIT_CONVERSION = YES;
				GCC_WARN_ABOUT_RETURN_TYPE = YES_ERROR;
				GCC_WARN_UNDECLARED_SELECTOR = YES;
				GCC_WARN_UNINITIALIZED_AUTOS = YES_AGGRESSIVE;
				GCC_WARN_UNUSED_FUNCTION = YES;
				GCC_WARN_UNUSED_VARIABLE = YES;
				MACOSX_DEPLOYMENT_TARGET = 10.11;
				MTL_ENABLE_DEBUG_INFO = YES;
				ONLY_ACTIVE_ARCH = YES;
				SDKROOT = macosx;
			};
			name = Debug;
		};
		03B28B4B1CD803B900C5415E /* Release */ = {
			isa = XCBuildConfiguration;
			buildSettings = {
				ALWAYS_SEARCH_USER_PATHS = NO;
				CLANG_ANALYZER_NONNULL = YES;
				CLANG_CXX_LANGUAGE_STANDARD = "gnu++0x";
				CLANG_CXX_LIBRARY = "libc++";
				CLANG_ENABLE_MODULES = YES;
				CLANG_ENABLE_OBJC_ARC = YES;
				CLANG_WARN_BOOL_CONVERSION = YES;
				CLANG_WARN_CONSTANT_CONVERSION = YES;
				CLANG_WARN_DIRECT_OBJC_ISA_USAGE = YES_ERROR;
				CLANG_WARN_EMPTY_BODY = YES;
				CLANG_WARN_ENUM_CONVERSION = YES;
				CLANG_WARN_INT_CONVERSION = YES;
				CLANG_WARN_OBJC_ROOT_CLASS = YES_ERROR;
				CLANG_WARN_UNREACHABLE_CODE = YES;
				CLANG_WARN__DUPLICATE_METHOD_MATCH = YES;
				CODE_SIGN_IDENTITY = "-";
				COPY_PHASE_STRIP = NO;
				DEBUG_INFORMATION_FORMAT = "dwarf-with-dsym";
				ENABLE_NS_ASSERTIONS = NO;
				ENABLE_STRICT_OBJC_MSGSEND = YES;
				GCC_C_LANGUAGE_STANDARD = gnu99;
				GCC_NO_COMMON_BLOCKS = YES;
				GCC_WARN_64_TO_32_BIT_CONVERSION = YES;
				GCC_WARN_ABOUT_RETURN_TYPE = YES_ERROR;
				GCC_WARN_UNDECLARED_SELECTOR = YES;
				GCC_WARN_UNINITIALIZED_AUTOS = YES_AGGRESSIVE;
				GCC_WARN_UNUSED_FUNCTION = YES;
				GCC_WARN_UNUSED_VARIABLE = YES;
				MACOSX_DEPLOYMENT_TARGET = 10.11;
				MTL_ENABLE_DEBUG_INFO = NO;
				SDKROOT = macosx;
			};
			name = Release;
		};
		03B28B4D1CD803B900C5415E /* Debug */ = {
			isa = XCBuildConfiguration;
			buildSettings = {
				Blank = "";
				CLANG_CXX_LANGUAGE_STANDARD = "c++0x";
				CLANG_CXX_LIBRARY = "libc++";
				GCC_C_LANGUAGE_STANDARD = gnu99;
				GCC_VERSION = "";
				HEADER_SEARCH_PATHS = "$(PROJECT_DIR)/common/include/";
				LIBRARY_SEARCH_PATHS = "~/Documents/ExternalC++/lib/";
				OTHER_LDFLAGS = (
					"-lglfw3",
					"-framework",
					Cocoa,
					"-framework",
					OpenGL,
					"-framework",
					IOKit,
					"-framework",
					CoreVideo,
				);
				PRODUCT_NAME = "$(TARGET_NAME)";
				SKIP_INSTALL = NO;
			};
			name = Debug;
		};
		03B28B4E1CD803B900C5415E /* Release */ = {
			isa = XCBuildConfiguration;
			buildSettings = {
				Blank = "";
				CLANG_CXX_LANGUAGE_STANDARD = "c++0x";
				CLANG_CXX_LIBRARY = "libc++";
				GCC_C_LANGUAGE_STANDARD = gnu99;
				GCC_VERSION = "";
				HEADER_SEARCH_PATHS = "$(PROJECT_DIR)/common/include/";
				LIBRARY_SEARCH_PATHS = "~/Documents/ExternalC++/lib/";
				OTHER_LDFLAGS = (
					"-lglfw3",
					"-framework",
					Cocoa,
					"-framework",
					OpenGL,
					"-framework",
					IOKit,
					"-framework",
					CoreVideo,
				);
				PRODUCT_NAME = "$(TARGET_NAME)";
				SKIP_INSTALL = NO;
			};
			name = Release;
		};
/* End XCBuildConfiguration section */

/* Begin XCConfigurationList section */
		03B28B401CD803B900C5415E /* Build configuration list for PBXProject "GameEngine" */ = {
			isa = XCConfigurationList;
			buildConfigurations = (
				03B28B4A1CD803B900C5415E /* Debug */,
				03B28B4B1CD803B900C5415E /* Release */,
			);
			defaultConfigurationIsVisible = 0;
			defaultConfigurationName = Release;
		};
		03B28B4C1CD803B900C5415E /* Build configuration list for PBXNativeTarget "GameEngine" */ = {
			isa = XCConfigurationList;
			buildConfigurations = (
				03B28B4D1CD803B900C5415E /* Debug */,
				03B28B4E1CD803B900C5415E /* Release */,
			);
			defaultConfigurationIsVisible = 0;
			defaultConfigurationName = Release;
		};
/* End XCConfigurationList section */
	};
	rootObject = 03B28B3D1CD803B900C5415E /* Project object */;
}
